// !$*UTF8*$!
{
	archiveVersion = 1;
	classes = {
	};
	objectVersion = 56;
	objects = {

/* Begin PBXBuildFile section */
		6639C3AC29D1A6C4007F9456 /* AppDelegate.swift in Sources */ = {isa = PBXBuildFile; fileRef = 6639C3AB29D1A6C4007F9456 /* AppDelegate.swift */; };
		6639C3AE29D1A6C4007F9456 /* SceneDelegate.swift in Sources */ = {isa = PBXBuildFile; fileRef = 6639C3AD29D1A6C4007F9456 /* SceneDelegate.swift */; };
		6639C3B029D1A6C4007F9456 /* LoginViewController.swift in Sources */ = {isa = PBXBuildFile; fileRef = 6639C3AF29D1A6C4007F9456 /* LoginViewController.swift */; };
		6639C3B529D1A6C5007F9456 /* Assets.xcassets in Resources */ = {isa = PBXBuildFile; fileRef = 6639C3B429D1A6C5007F9456 /* Assets.xcassets */; };
		6639C3B829D1A6C5007F9456 /* LaunchScreen.storyboard in Resources */ = {isa = PBXBuildFile; fileRef = 6639C3B629D1A6C5007F9456 /* LaunchScreen.storyboard */; };
		6639C3C529D1B193007F9456 /* LoginView.swift in Sources */ = {isa = PBXBuildFile; fileRef = 6639C3C429D1B193007F9456 /* LoginView.swift */; };
		6639C3C929D1B87F007F9456 /* IVTextField.swift in Sources */ = {isa = PBXBuildFile; fileRef = 6639C3C829D1B87F007F9456 /* IVTextField.swift */; };
		6639C3CB29D1BAA0007F9456 /* IVTitleLabel.swift in Sources */ = {isa = PBXBuildFile; fileRef = 6639C3CA29D1BAA0007F9456 /* IVTitleLabel.swift */; };
		6639C3CD29D1BB80007F9456 /* IVButton.swift in Sources */ = {isa = PBXBuildFile; fileRef = 6639C3CC29D1BB80007F9456 /* IVButton.swift */; };
		6639C3D029D1BD58007F9456 /* Extensions.swift in Sources */ = {isa = PBXBuildFile; fileRef = 6639C3CF29D1BD58007F9456 /* Extensions.swift */; };
		6639C3D229D1BE27007F9456 /* LoginViewModel.swift in Sources */ = {isa = PBXBuildFile; fileRef = 6639C3D129D1BE27007F9456 /* LoginViewModel.swift */; };
		6639C3D429D1CAA7007F9456 /* RegistrationView.swift in Sources */ = {isa = PBXBuildFile; fileRef = 6639C3D329D1CAA6007F9456 /* RegistrationView.swift */; };
		6639C3D629D1CAC0007F9456 /* RegistrationViewController.swift in Sources */ = {isa = PBXBuildFile; fileRef = 6639C3D529D1CAC0007F9456 /* RegistrationViewController.swift */; };
		6639C3D829D1CAD4007F9456 /* RegistrationViewModel.swift in Sources */ = {isa = PBXBuildFile; fileRef = 6639C3D729D1CAD4007F9456 /* RegistrationViewModel.swift */; };
/* End PBXBuildFile section */

/* Begin PBXFileReference section */
		6639C3A829D1A6C4007F9456 /* itunes-voio.app */ = {isa = PBXFileReference; explicitFileType = wrapper.application; includeInIndex = 0; path = "itunes-voio.app"; sourceTree = BUILT_PRODUCTS_DIR; };
		6639C3AB29D1A6C4007F9456 /* AppDelegate.swift */ = {isa = PBXFileReference; lastKnownFileType = sourcecode.swift; path = AppDelegate.swift; sourceTree = "<group>"; };
		6639C3AD29D1A6C4007F9456 /* SceneDelegate.swift */ = {isa = PBXFileReference; lastKnownFileType = sourcecode.swift; path = SceneDelegate.swift; sourceTree = "<group>"; };
		6639C3AF29D1A6C4007F9456 /* LoginViewController.swift */ = {isa = PBXFileReference; lastKnownFileType = sourcecode.swift; path = LoginViewController.swift; sourceTree = "<group>"; };
		6639C3B429D1A6C5007F9456 /* Assets.xcassets */ = {isa = PBXFileReference; lastKnownFileType = folder.assetcatalog; path = Assets.xcassets; sourceTree = "<group>"; };
		6639C3B729D1A6C5007F9456 /* Base */ = {isa = PBXFileReference; lastKnownFileType = file.storyboard; name = Base; path = Base.lproj/LaunchScreen.storyboard; sourceTree = "<group>"; };
		6639C3B929D1A6C5007F9456 /* Info.plist */ = {isa = PBXFileReference; lastKnownFileType = text.plist.xml; path = Info.plist; sourceTree = "<group>"; };
		6639C3C429D1B193007F9456 /* LoginView.swift */ = {isa = PBXFileReference; lastKnownFileType = sourcecode.swift; path = LoginView.swift; sourceTree = "<group>"; };
		6639C3C829D1B87F007F9456 /* IVTextField.swift */ = {isa = PBXFileReference; lastKnownFileType = sourcecode.swift; path = IVTextField.swift; sourceTree = "<group>"; };
		6639C3CA29D1BAA0007F9456 /* IVTitleLabel.swift */ = {isa = PBXFileReference; lastKnownFileType = sourcecode.swift; path = IVTitleLabel.swift; sourceTree = "<group>"; };
		6639C3CC29D1BB80007F9456 /* IVButton.swift */ = {isa = PBXFileReference; lastKnownFileType = sourcecode.swift; path = IVButton.swift; sourceTree = "<group>"; };
		6639C3CF29D1BD58007F9456 /* Extensions.swift */ = {isa = PBXFileReference; lastKnownFileType = sourcecode.swift; path = Extensions.swift; sourceTree = "<group>"; };
		6639C3D129D1BE27007F9456 /* LoginViewModel.swift */ = {isa = PBXFileReference; lastKnownFileType = sourcecode.swift; path = LoginViewModel.swift; sourceTree = "<group>"; };
		6639C3D329D1CAA6007F9456 /* RegistrationView.swift */ = {isa = PBXFileReference; lastKnownFileType = sourcecode.swift; path = RegistrationView.swift; sourceTree = "<group>"; };
		6639C3D529D1CAC0007F9456 /* RegistrationViewController.swift */ = {isa = PBXFileReference; lastKnownFileType = sourcecode.swift; path = RegistrationViewController.swift; sourceTree = "<group>"; };
		6639C3D729D1CAD4007F9456 /* RegistrationViewModel.swift */ = {isa = PBXFileReference; lastKnownFileType = sourcecode.swift; path = RegistrationViewModel.swift; sourceTree = "<group>"; };
/* End PBXFileReference section */

/* Begin PBXFrameworksBuildPhase section */
		6639C3A529D1A6C4007F9456 /* Frameworks */ = {
			isa = PBXFrameworksBuildPhase;
			buildActionMask = 2147483647;
			files = (
			);
			runOnlyForDeploymentPostprocessing = 0;
		};
/* End PBXFrameworksBuildPhase section */

/* Begin PBXGroup section */
		6639C39F29D1A6C4007F9456 = {
			isa = PBXGroup;
			children = (
				6639C3AA29D1A6C4007F9456 /* itunes-voio */,
				6639C3A929D1A6C4007F9456 /* Products */,
			);
			sourceTree = "<group>";
		};
		6639C3A929D1A6C4007F9456 /* Products */ = {
			isa = PBXGroup;
			children = (
				6639C3A829D1A6C4007F9456 /* itunes-voio.app */,
			);
			name = Products;
			sourceTree = "<group>";
		};
		6639C3AA29D1A6C4007F9456 /* itunes-voio */ = {
			isa = PBXGroup;
			children = (
				6639C3C629D1B840007F9456 /* Custom Views */,
				6639C3C329D1B0EB007F9456 /* Resources */,
				6639C3C229D1B0D5007F9456 /* Controllers */,
				6639C3C129D1B0CC007F9456 /* Views */,
				6639C3C029D1B0C1007F9456 /* ViewModels */,
				6639C3BF29D1B0B5007F9456 /* Models */,
				6639C3B929D1A6C5007F9456 /* Info.plist */,
			);
			path = "itunes-voio";
			sourceTree = "<group>";
		};
		6639C3BF29D1B0B5007F9456 /* Models */ = {
			isa = PBXGroup;
			children = (
			);
			path = Models;
			sourceTree = "<group>";
		};
		6639C3C029D1B0C1007F9456 /* ViewModels */ = {
			isa = PBXGroup;
			children = (
				6639C3D129D1BE27007F9456 /* LoginViewModel.swift */,
				6639C3D729D1CAD4007F9456 /* RegistrationViewModel.swift */,
			);
			path = ViewModels;
			sourceTree = "<group>";
		};
		6639C3C129D1B0CC007F9456 /* Views */ = {
			isa = PBXGroup;
			children = (
				6639C3C429D1B193007F9456 /* LoginView.swift */,
				6639C3D329D1CAA6007F9456 /* RegistrationView.swift */,
			);
			path = Views;
			sourceTree = "<group>";
		};
		6639C3C229D1B0D5007F9456 /* Controllers */ = {
			isa = PBXGroup;
			children = (
				6639C3AF29D1A6C4007F9456 /* LoginViewController.swift */,
				6639C3D529D1CAC0007F9456 /* RegistrationViewController.swift */,
			);
			path = Controllers;
			sourceTree = "<group>";
		};
		6639C3C329D1B0EB007F9456 /* Resources */ = {
			isa = PBXGroup;
			children = (
				6639C3AB29D1A6C4007F9456 /* AppDelegate.swift */,
				6639C3AD29D1A6C4007F9456 /* SceneDelegate.swift */,
				6639C3B429D1A6C5007F9456 /* Assets.xcassets */,
				6639C3B629D1A6C5007F9456 /* LaunchScreen.storyboard */,
				6639C3CF29D1BD58007F9456 /* Extensions.swift */,
			);
			path = Resources;
			sourceTree = "<group>";
		};
		6639C3C629D1B840007F9456 /* Custom Views */ = {
			isa = PBXGroup;
			children = (
				6639C3C829D1B87F007F9456 /* IVTextField.swift */,
				6639C3CA29D1BAA0007F9456 /* IVTitleLabel.swift */,
				6639C3CC29D1BB80007F9456 /* IVButton.swift */,
			);
			path = "Custom Views";
			sourceTree = "<group>";
		};
/* End PBXGroup section */

/* Begin PBXNativeTarget section */
		6639C3A729D1A6C4007F9456 /* itunes-voio */ = {
			isa = PBXNativeTarget;
			buildConfigurationList = 6639C3BC29D1A6C5007F9456 /* Build configuration list for PBXNativeTarget "itunes-voio" */;
			buildPhases = (
				6639C3A429D1A6C4007F9456 /* Sources */,
				6639C3A529D1A6C4007F9456 /* Frameworks */,
				6639C3A629D1A6C4007F9456 /* Resources */,
			);
			buildRules = (
			);
			dependencies = (
			);
			name = "itunes-voio";
			productName = "itunes-voio";
			productReference = 6639C3A829D1A6C4007F9456 /* itunes-voio.app */;
			productType = "com.apple.product-type.application";
		};
/* End PBXNativeTarget section */

/* Begin PBXProject section */
		6639C3A029D1A6C4007F9456 /* Project object */ = {
			isa = PBXProject;
			attributes = {
				BuildIndependentTargetsInParallel = 1;
				LastSwiftUpdateCheck = 1420;
				LastUpgradeCheck = 1420;
				TargetAttributes = {
					6639C3A729D1A6C4007F9456 = {
						CreatedOnToolsVersion = 14.2;
					};
				};
			};
			buildConfigurationList = 6639C3A329D1A6C4007F9456 /* Build configuration list for PBXProject "itunes-voio" */;
			compatibilityVersion = "Xcode 14.0";
			developmentRegion = en;
			hasScannedForEncodings = 0;
			knownRegions = (
				en,
				Base,
			);
			mainGroup = 6639C39F29D1A6C4007F9456;
			productRefGroup = 6639C3A929D1A6C4007F9456 /* Products */;
			projectDirPath = "";
			projectRoot = "";
			targets = (
				6639C3A729D1A6C4007F9456 /* itunes-voio */,
			);
		};
/* End PBXProject section */

/* Begin PBXResourcesBuildPhase section */
		6639C3A629D1A6C4007F9456 /* Resources */ = {
			isa = PBXResourcesBuildPhase;
			buildActionMask = 2147483647;
			files = (
				6639C3B829D1A6C5007F9456 /* LaunchScreen.storyboard in Resources */,
				6639C3B529D1A6C5007F9456 /* Assets.xcassets in Resources */,
			);
			runOnlyForDeploymentPostprocessing = 0;
		};
/* End PBXResourcesBuildPhase section */

/* Begin PBXSourcesBuildPhase section */
		6639C3A429D1A6C4007F9456 /* Sources */ = {
			isa = PBXSourcesBuildPhase;
			buildActionMask = 2147483647;
			files = (
				6639C3CB29D1BAA0007F9456 /* IVTitleLabel.swift in Sources */,
				6639C3D829D1CAD4007F9456 /* RegistrationViewModel.swift in Sources */,
				6639C3B029D1A6C4007F9456 /* LoginViewController.swift in Sources */,
				6639C3C929D1B87F007F9456 /* IVTextField.swift in Sources */,
				6639C3D629D1CAC0007F9456 /* RegistrationViewController.swift in Sources */,
				6639C3D029D1BD58007F9456 /* Extensions.swift in Sources */,
				6639C3AC29D1A6C4007F9456 /* AppDelegate.swift in Sources */,
				6639C3D229D1BE27007F9456 /* LoginViewModel.swift in Sources */,
				6639C3C529D1B193007F9456 /* LoginView.swift in Sources */,
				6639C3CD29D1BB80007F9456 /* IVButton.swift in Sources */,
				6639C3AE29D1A6C4007F9456 /* SceneDelegate.swift in Sources */,
				6639C3D429D1CAA7007F9456 /* RegistrationView.swift in Sources */,
			);
			runOnlyForDeploymentPostprocessing = 0;
		};
/* End PBXSourcesBuildPhase section */

/* Begin PBXVariantGroup section */
		6639C3B629D1A6C5007F9456 /* LaunchScreen.storyboard */ = {
			isa = PBXVariantGroup;
			children = (
				6639C3B729D1A6C5007F9456 /* Base */,
			);
			name = LaunchScreen.storyboard;
			sourceTree = "<group>";
		};
/* End PBXVariantGroup section */

/* Begin XCBuildConfiguration section */
		6639C3BA29D1A6C5007F9456 /* Debug */ = {
			isa = XCBuildConfiguration;
			buildSettings = {
				ALWAYS_SEARCH_USER_PATHS = NO;
				CLANG_ANALYZER_NONNULL = YES;
				CLANG_ANALYZER_NUMBER_OBJECT_CONVERSION = YES_AGGRESSIVE;
				CLANG_CXX_LANGUAGE_STANDARD = "gnu++20";
				CLANG_ENABLE_MODULES = YES;
				CLANG_ENABLE_OBJC_ARC = YES;
				CLANG_ENABLE_OBJC_WEAK = YES;
				CLANG_WARN_BLOCK_CAPTURE_AUTORELEASING = YES;
				CLANG_WARN_BOOL_CONVERSION = YES;
				CLANG_WARN_COMMA = YES;
				CLANG_WARN_CONSTANT_CONVERSION = YES;
				CLANG_WARN_DEPRECATED_OBJC_IMPLEMENTATIONS = YES;
				CLANG_WARN_DIRECT_OBJC_ISA_USAGE = YES_ERROR;
				CLANG_WARN_DOCUMENTATION_COMMENTS = YES;
				CLANG_WARN_EMPTY_BODY = YES;
				CLANG_WARN_ENUM_CONVERSION = YES;
				CLANG_WARN_INFINITE_RECURSION = YES;
				CLANG_WARN_INT_CONVERSION = YES;
				CLANG_WARN_NON_LITERAL_NULL_CONVERSION = YES;
				CLANG_WARN_OBJC_IMPLICIT_RETAIN_SELF = YES;
				CLANG_WARN_OBJC_LITERAL_CONVERSION = YES;
				CLANG_WARN_OBJC_ROOT_CLASS = YES_ERROR;
				CLANG_WARN_QUOTED_INCLUDE_IN_FRAMEWORK_HEADER = YES;
				CLANG_WARN_RANGE_LOOP_ANALYSIS = YES;
				CLANG_WARN_STRICT_PROTOTYPES = YES;
				CLANG_WARN_SUSPICIOUS_MOVE = YES;
				CLANG_WARN_UNGUARDED_AVAILABILITY = YES_AGGRESSIVE;
				CLANG_WARN_UNREACHABLE_CODE = YES;
				CLANG_WARN__DUPLICATE_METHOD_MATCH = YES;
				COPY_PHASE_STRIP = NO;
				DEBUG_INFORMATION_FORMAT = dwarf;
				ENABLE_STRICT_OBJC_MSGSEND = YES;
				ENABLE_TESTABILITY = YES;
				GCC_C_LANGUAGE_STANDARD = gnu11;
				GCC_DYNAMIC_NO_PIC = NO;
				GCC_NO_COMMON_BLOCKS = YES;
				GCC_OPTIMIZATION_LEVEL = 0;
				GCC_PREPROCESSOR_DEFINITIONS = (
					"DEBUG=1",
					"$(inherited)",
				);
				GCC_WARN_64_TO_32_BIT_CONVERSION = YES;
				GCC_WARN_ABOUT_RETURN_TYPE = YES_ERROR;
				GCC_WARN_UNDECLARED_SELECTOR = YES;
				GCC_WARN_UNINITIALIZED_AUTOS = YES_AGGRESSIVE;
				GCC_WARN_UNUSED_FUNCTION = YES;
				GCC_WARN_UNUSED_VARIABLE = YES;
				IPHONEOS_DEPLOYMENT_TARGET = 16.2;
				MTL_ENABLE_DEBUG_INFO = INCLUDE_SOURCE;
				MTL_FAST_MATH = YES;
				ONLY_ACTIVE_ARCH = YES;
				SDKROOT = iphoneos;
				SWIFT_ACTIVE_COMPILATION_CONDITIONS = DEBUG;
				SWIFT_OPTIMIZATION_LEVEL = "-Onone";
			};
			name = Debug;
		};
		6639C3BB29D1A6C5007F9456 /* Release */ = {
			isa = XCBuildConfiguration;
			buildSettings = {
				ALWAYS_SEARCH_USER_PATHS = NO;
				CLANG_ANALYZER_NONNULL = YES;
				CLANG_ANALYZER_NUMBER_OBJECT_CONVERSION = YES_AGGRESSIVE;
				CLANG_CXX_LANGUAGE_STANDARD = "gnu++20";
				CLANG_ENABLE_MODULES = YES;
				CLANG_ENABLE_OBJC_ARC = YES;
				CLANG_ENABLE_OBJC_WEAK = YES;
				CLANG_WARN_BLOCK_CAPTURE_AUTORELEASING = YES;
				CLANG_WARN_BOOL_CONVERSION = YES;
				CLANG_WARN_COMMA = YES;
				CLANG_WARN_CONSTANT_CONVERSION = YES;
				CLANG_WARN_DEPRECATED_OBJC_IMPLEMENTATIONS = YES;
				CLANG_WARN_DIRECT_OBJC_ISA_USAGE = YES_ERROR;
				CLANG_WARN_DOCUMENTATION_COMMENTS = YES;
				CLANG_WARN_EMPTY_BODY = YES;
				CLANG_WARN_ENUM_CONVERSION = YES;
				CLANG_WARN_INFINITE_RECURSION = YES;
				CLANG_WARN_INT_CONVERSION = YES;
				CLANG_WARN_NON_LITERAL_NULL_CONVERSION = YES;
				CLANG_WARN_OBJC_IMPLICIT_RETAIN_SELF = YES;
				CLANG_WARN_OBJC_LITERAL_CONVERSION = YES;
				CLANG_WARN_OBJC_ROOT_CLASS = YES_ERROR;
				CLANG_WARN_QUOTED_INCLUDE_IN_FRAMEWORK_HEADER = YES;
				CLANG_WARN_RANGE_LOOP_ANALYSIS = YES;
				CLANG_WARN_STRICT_PROTOTYPES = YES;
				CLANG_WARN_SUSPICIOUS_MOVE = YES;
				CLANG_WARN_UNGUARDED_AVAILABILITY = YES_AGGRESSIVE;
				CLANG_WARN_UNREACHABLE_CODE = YES;
				CLANG_WARN__DUPLICATE_METHOD_MATCH = YES;
				COPY_PHASE_STRIP = NO;
				DEBUG_INFORMATION_FORMAT = "dwarf-with-dsym";
				ENABLE_NS_ASSERTIONS = NO;
				ENABLE_STRICT_OBJC_MSGSEND = YES;
				GCC_C_LANGUAGE_STANDARD = gnu11;
				GCC_NO_COMMON_BLOCKS = YES;
				GCC_WARN_64_TO_32_BIT_CONVERSION = YES;
				GCC_WARN_ABOUT_RETURN_TYPE = YES_ERROR;
				GCC_WARN_UNDECLARED_SELECTOR = YES;
				GCC_WARN_UNINITIALIZED_AUTOS = YES_AGGRESSIVE;
				GCC_WARN_UNUSED_FUNCTION = YES;
				GCC_WARN_UNUSED_VARIABLE = YES;
				IPHONEOS_DEPLOYMENT_TARGET = 16.2;
				MTL_ENABLE_DEBUG_INFO = NO;
				MTL_FAST_MATH = YES;
				SDKROOT = iphoneos;
				SWIFT_COMPILATION_MODE = wholemodule;
				SWIFT_OPTIMIZATION_LEVEL = "-O";
				VALIDATE_PRODUCT = YES;
			};
			name = Release;
		};
		6639C3BD29D1A6C5007F9456 /* Debug */ = {
			isa = XCBuildConfiguration;
			buildSettings = {
				ASSETCATALOG_COMPILER_APPICON_NAME = AppIcon;
				ASSETCATALOG_COMPILER_GLOBAL_ACCENT_COLOR_NAME = AccentColor;
				CODE_SIGN_STYLE = Automatic;
				CURRENT_PROJECT_VERSION = 1;
				DEVELOPMENT_TEAM = ST823QU25Q;
				GENERATE_INFOPLIST_FILE = YES;
				INFOPLIST_FILE = "itunes-voio/Info.plist";
				INFOPLIST_KEY_UIApplicationSupportsIndirectInputEvents = YES;
				INFOPLIST_KEY_UILaunchStoryboardName = LaunchScreen;
				INFOPLIST_KEY_UIMainStoryboardFile = "";
				INFOPLIST_KEY_UISupportedInterfaceOrientations_iPad = "UIInterfaceOrientationPortrait UIInterfaceOrientationPortraitUpsideDown UIInterfaceOrientationLandscapeLeft UIInterfaceOrientationLandscapeRight";
				INFOPLIST_KEY_UISupportedInterfaceOrientations_iPhone = "UIInterfaceOrientationPortrait UIInterfaceOrientationLandscapeLeft UIInterfaceOrientationLandscapeRight";
				LD_RUNPATH_SEARCH_PATHS = (
					"$(inherited)",
					"@executable_path/Frameworks",
				);
				MARKETING_VERSION = 1.0;
				PRODUCT_BUNDLE_IDENTIFIER = "com.akula.itunes-voio";
				PRODUCT_NAME = "$(TARGET_NAME)";
				SWIFT_EMIT_LOC_STRINGS = YES;
				SWIFT_VERSION = 5.0;
				TARGETED_DEVICE_FAMILY = "1,2";
			};
			name = Debug;
		};
		6639C3BE29D1A6C5007F9456 /* Release */ = {
			isa = XCBuildConfiguration;
			buildSettings = {
				ASSETCATALOG_COMPILER_APPICON_NAME = AppIcon;
				ASSETCATALOG_COMPILER_GLOBAL_ACCENT_COLOR_NAME = AccentColor;
				CODE_SIGN_STYLE = Automatic;
				CURRENT_PROJECT_VERSION = 1;
				DEVELOPMENT_TEAM = ST823QU25Q;
				GENERATE_INFOPLIST_FILE = YES;
				INFOPLIST_FILE = "itunes-voio/Info.plist";
				INFOPLIST_KEY_UIApplicationSupportsIndirectInputEvents = YES;
				INFOPLIST_KEY_UILaunchStoryboardName = LaunchScreen;
				INFOPLIST_KEY_UIMainStoryboardFile = "";
				INFOPLIST_KEY_UISupportedInterfaceOrientations_iPad = "UIInterfaceOrientationPortrait UIInterfaceOrientationPortraitUpsideDown UIInterfaceOrientationLandscapeLeft UIInterfaceOrientationLandscapeRight";
				INFOPLIST_KEY_UISupportedInterfaceOrientations_iPhone = "UIInterfaceOrientationPortrait UIInterfaceOrientationLandscapeLeft UIInterfaceOrientationLandscapeRight";
				LD_RUNPATH_SEARCH_PATHS = (
					"$(inherited)",
					"@executable_path/Frameworks",
				);
				MARKETING_VERSION = 1.0;
				PRODUCT_BUNDLE_IDENTIFIER = "com.akula.itunes-voio";
				PRODUCT_NAME = "$(TARGET_NAME)";
				SWIFT_EMIT_LOC_STRINGS = YES;
				SWIFT_VERSION = 5.0;
				TARGETED_DEVICE_FAMILY = "1,2";
			};
			name = Release;
		};
/* End XCBuildConfiguration section */

/* Begin XCConfigurationList section */
		6639C3A329D1A6C4007F9456 /* Build configuration list for PBXProject "itunes-voio" */ = {
			isa = XCConfigurationList;
			buildConfigurations = (
				6639C3BA29D1A6C5007F9456 /* Debug */,
				6639C3BB29D1A6C5007F9456 /* Release */,
			);
			defaultConfigurationIsVisible = 0;
			defaultConfigurationName = Release;
		};
		6639C3BC29D1A6C5007F9456 /* Build configuration list for PBXNativeTarget "itunes-voio" */ = {
			isa = XCConfigurationList;
			buildConfigurations = (
				6639C3BD29D1A6C5007F9456 /* Debug */,
				6639C3BE29D1A6C5007F9456 /* Release */,
			);
			defaultConfigurationIsVisible = 0;
			defaultConfigurationName = Release;
		};
/* End XCConfigurationList section */
	};
	rootObject = 6639C3A029D1A6C4007F9456 /* Project object */;
}
